
Microsoft Visual Studio Solution File, Format Version 12.00
# Visual Studio Version 17
VisualStudioVersion = 17.11.35327.3
MinimumVisualStudioVersion = 10.0.40219.1
Project("{9A19103F-16F7-4668-BE54-9A1E7A4F7556}") = "AppApiService", "AppApiService\AppApiService.csproj", "{A938746A-162E-46E2-BB02-A4F9B0D8900C}"
	ProjectSection(ProjectDependencies) = postProject
		{AA1D9F40-1D11-41BD-926A-64E7ED5F6BAB} = {AA1D9F40-1D11-41BD-926A-64E7ED5F6BAB}
	EndProjectSection
EndProject
Project("{9A19103F-16F7-4668-BE54-9A1E7A4F7556}") = "AppServices", "AppServices\AppServices.csproj", "{AA1D9F40-1D11-41BD-926A-64E7ED5F6BAB}"
EndProject
Global
	GlobalSection(SolutionConfigurationPlatforms) = preSolution
		Debug|Any CPU = Debug|Any CPU
		Release|Any CPU = Release|Any CPU
	EndGlobalSection
	GlobalSection(ProjectConfigurationPlatforms) = postSolution
		{A938746A-162E-46E2-BB02-A4F9B0D8900C}.Debug|Any CPU.ActiveCfg = Debug|Any CPU
		{A938746A-162E-46E2-BB02-A4F9B0D8900C}.Debug|Any CPU.Build.0 = Debug|Any CPU
		{A938746A-162E-46E2-BB02-A4F9B0D8900C}.Release|Any CPU.ActiveCfg = Release|Any CPU
		{A938746A-162E-46E2-BB02-A4F9B0D8900C}.Release|Any CPU.Build.0 = Release|Any CPU
		{AA1D9F40-1D11-41BD-926A-64E7ED5F6BAB}.Debug|Any CPU.ActiveCfg = Debug|Any CPU
		{AA1D9F40-1D11-41BD-926A-64E7ED5F6BAB}.Debug|Any CPU.Build.0 = Debug|Any CPU
		{AA1D9F40-1D11-41BD-926A-64E7ED5F6BAB}.Release|Any CPU.ActiveCfg = Release|Any CPU
		{AA1D9F40-1D11-41BD-926A-64E7ED5F6BAB}.Release|Any CPU.Build.0 = Release|Any CPU
	EndGlobalSection
	GlobalSection(SolutionProperties) = preSolution
		HideSolutionNode = FALSE
	EndGlobalSection
	GlobalSection(ExtensibilityGlobals) = postSolution
		SolutionGuid = {4834CA79-B008-423A-88E8-00F2B8922D05}
	EndGlobalSection
EndGlobal
